// !$*UTF8*$!
{
	archiveVersion = 1;
	classes = {
	};
	objectVersion = 56;
	objects = {

/* Begin PBXBuildFile section */
		278F5C682B3E90AD007CE79B /* AppDelegate.swift in Sources */ = {isa = PBXBuildFile; fileRef = 278F5C672B3E90AD007CE79B /* AppDelegate.swift */; };
		278F5C6A2B3E90AD007CE79B /* SceneDelegate.swift in Sources */ = {isa = PBXBuildFile; fileRef = 278F5C692B3E90AD007CE79B /* SceneDelegate.swift */; };
		278F5C6C2B3E90AD007CE79B /* ViewController.swift in Sources */ = {isa = PBXBuildFile; fileRef = 278F5C6B2B3E90AD007CE79B /* ViewController.swift */; };
		278F5C6F2B3E90AD007CE79B /* Main.storyboard in Resources */ = {isa = PBXBuildFile; fileRef = 278F5C6D2B3E90AD007CE79B /* Main.storyboard */; };
		278F5C712B3E90AF007CE79B /* Assets.xcassets in Resources */ = {isa = PBXBuildFile; fileRef = 278F5C702B3E90AF007CE79B /* Assets.xcassets */; };
		278F5C742B3E90AF007CE79B /* LaunchScreen.storyboard in Resources */ = {isa = PBXBuildFile; fileRef = 278F5C722B3E90AF007CE79B /* LaunchScreen.storyboard */; };
		278F5C7F2B3E9163007CE79B /* NoticeModel.swift in Sources */ = {isa = PBXBuildFile; fileRef = 278F5C7E2B3E9163007CE79B /* NoticeModel.swift */; };
		278F5C832B3E91A0007CE79B /* NoticeViewModel.swift in Sources */ = {isa = PBXBuildFile; fileRef = 278F5C822B3E91A0007CE79B /* NoticeViewModel.swift */; };
		278F5C872B3E91E0007CE79B /* APIService.swift in Sources */ = {isa = PBXBuildFile; fileRef = 278F5C862B3E91E0007CE79B /* APIService.swift */; };
		278F5C8A2B3E924A007CE79B /* Alamofire in Frameworks */ = {isa = PBXBuildFile; productRef = 278F5C892B3E924A007CE79B /* Alamofire */; };
		278F5C8F2B3E930D007CE79B /* Constants.swift in Sources */ = {isa = PBXBuildFile; fileRef = 278F5C8E2B3E930D007CE79B /* Constants.swift */; };
		278F5C922B3EA0FF007CE79B /* NewsTableViewCell.swift in Sources */ = {isa = PBXBuildFile; fileRef = 278F5C902B3EA0FF007CE79B /* NewsTableViewCell.swift */; };
		278F5C932B3EA0FF007CE79B /* NewsTableViewCell.xib in Resources */ = {isa = PBXBuildFile; fileRef = 278F5C912B3EA0FF007CE79B /* NewsTableViewCell.xib */; };
/* End PBXBuildFile section */

/* Begin PBXFileReference section */
		278F5C642B3E90AD007CE79B /* NewsMVVM.app */ = {isa = PBXFileReference; explicitFileType = wrapper.application; includeInIndex = 0; path = NewsMVVM.app; sourceTree = BUILT_PRODUCTS_DIR; };
		278F5C672B3E90AD007CE79B /* AppDelegate.swift */ = {isa = PBXFileReference; lastKnownFileType = sourcecode.swift; path = AppDelegate.swift; sourceTree = "<group>"; };
		278F5C692B3E90AD007CE79B /* SceneDelegate.swift */ = {isa = PBXFileReference; lastKnownFileType = sourcecode.swift; path = SceneDelegate.swift; sourceTree = "<group>"; };
		278F5C6B2B3E90AD007CE79B /* ViewController.swift */ = {isa = PBXFileReference; lastKnownFileType = sourcecode.swift; path = ViewController.swift; sourceTree = "<group>"; };
		278F5C6E2B3E90AD007CE79B /* Base */ = {isa = PBXFileReference; lastKnownFileType = file.storyboard; name = Base; path = Base.lproj/Main.storyboard; sourceTree = "<group>"; };
		278F5C702B3E90AF007CE79B /* Assets.xcassets */ = {isa = PBXFileReference; lastKnownFileType = folder.assetcatalog; path = Assets.xcassets; sourceTree = "<group>"; };
		278F5C732B3E90AF007CE79B /* Base */ = {isa = PBXFileReference; lastKnownFileType = file.storyboard; name = Base; path = Base.lproj/LaunchScreen.storyboard; sourceTree = "<group>"; };
		278F5C752B3E90AF007CE79B /* Info.plist */ = {isa = PBXFileReference; lastKnownFileType = text.plist.xml; path = Info.plist; sourceTree = "<group>"; };
		278F5C7E2B3E9163007CE79B /* NoticeModel.swift */ = {isa = PBXFileReference; lastKnownFileType = sourcecode.swift; path = NoticeModel.swift; sourceTree = "<group>"; };
		278F5C822B3E91A0007CE79B /* NoticeViewModel.swift */ = {isa = PBXFileReference; lastKnownFileType = sourcecode.swift; path = NoticeViewModel.swift; sourceTree = "<group>"; };
		278F5C862B3E91E0007CE79B /* APIService.swift */ = {isa = PBXFileReference; lastKnownFileType = sourcecode.swift; path = APIService.swift; sourceTree = "<group>"; };
		278F5C8E2B3E930D007CE79B /* Constants.swift */ = {isa = PBXFileReference; lastKnownFileType = sourcecode.swift; path = Constants.swift; sourceTree = "<group>"; };
		278F5C902B3EA0FF007CE79B /* NewsTableViewCell.swift */ = {isa = PBXFileReference; lastKnownFileType = sourcecode.swift; path = NewsTableViewCell.swift; sourceTree = "<group>"; };
		278F5C912B3EA0FF007CE79B /* NewsTableViewCell.xib */ = {isa = PBXFileReference; lastKnownFileType = file.xib; path = NewsTableViewCell.xib; sourceTree = "<group>"; };
/* End PBXFileReference section */

/* Begin PBXFrameworksBuildPhase section */
		278F5C612B3E90AD007CE79B /* Frameworks */ = {
			isa = PBXFrameworksBuildPhase;
			buildActionMask = 2147483647;
			files = (
				278F5C8A2B3E924A007CE79B /* Alamofire in Frameworks */,
			);
			runOnlyForDeploymentPostprocessing = 0;
		};
/* End PBXFrameworksBuildPhase section */

/* Begin PBXGroup section */
		278F5C5B2B3E90AD007CE79B = {
			isa = PBXGroup;
			children = (
				278F5C662B3E90AD007CE79B /* NewsMVVM */,
				278F5C652B3E90AD007CE79B /* Products */,
			);
			sourceTree = "<group>";
		};
		278F5C652B3E90AD007CE79B /* Products */ = {
			isa = PBXGroup;
			children = (
				278F5C642B3E90AD007CE79B /* NewsMVVM.app */,
			);
			name = Products;
			sourceTree = "<group>";
		};
		278F5C662B3E90AD007CE79B /* NewsMVVM */ = {
			isa = PBXGroup;
			children = (
				278F5C8B2B3E925F007CE79B /* Application */,
				278F5C8C2B3E9281007CE79B /* Resources */,
				278F5C8D2B3E92E2007CE79B /* Utils */,
				278F5C7B2B3E9123007CE79B /* Model */,
				278F5C7D2B3E9136007CE79B /* View */,
				278F5C7C2B3E912B007CE79B /* ViewModel */,
				278F5C852B3E91CD007CE79B /* Service */,
				278F5C752B3E90AF007CE79B /* Info.plist */,
			);
			path = NewsMVVM;
			sourceTree = "<group>";
		};
		278F5C7B2B3E9123007CE79B /* Model */ = {
			isa = PBXGroup;
			children = (
				278F5C7E2B3E9163007CE79B /* NoticeModel.swift */,
			);
			path = Model;
			sourceTree = "<group>";
		};
		278F5C7C2B3E912B007CE79B /* ViewModel */ = {
			isa = PBXGroup;
			children = (
				278F5C822B3E91A0007CE79B /* NoticeViewModel.swift */,
			);
			path = ViewModel;
			sourceTree = "<group>";
		};
		278F5C7D2B3E9136007CE79B /* View */ = {
			isa = PBXGroup;
			children = (
				278F5C6B2B3E90AD007CE79B /* ViewController.swift */,
				278F5C902B3EA0FF007CE79B /* NewsTableViewCell.swift */,
				278F5C912B3EA0FF007CE79B /* NewsTableViewCell.xib */,
			);
			path = View;
			sourceTree = "<group>";
		};
		278F5C852B3E91CD007CE79B /* Service */ = {
			isa = PBXGroup;
			children = (
				278F5C862B3E91E0007CE79B /* APIService.swift */,
			);
			path = Service;
			sourceTree = "<group>";
		};
		278F5C8B2B3E925F007CE79B /* Application */ = {
			isa = PBXGroup;
			children = (
				278F5C692B3E90AD007CE79B /* SceneDelegate.swift */,
				278F5C672B3E90AD007CE79B /* AppDelegate.swift */,
			);
			path = Application;
			sourceTree = "<group>";
		};
		278F5C8C2B3E9281007CE79B /* Resources */ = {
			isa = PBXGroup;
			children = (
				278F5C6D2B3E90AD007CE79B /* Main.storyboard */,
				278F5C702B3E90AF007CE79B /* Assets.xcassets */,
				278F5C722B3E90AF007CE79B /* LaunchScreen.storyboard */,
			);
			path = Resources;
			sourceTree = "<group>";
		};
		278F5C8D2B3E92E2007CE79B /* Utils */ = {
			isa = PBXGroup;
			children = (
				278F5C8E2B3E930D007CE79B /* Constants.swift */,
			);
			path = Utils;
			sourceTree = "<group>";
		};
/* End PBXGroup section */

/* Begin PBXNativeTarget section */
		278F5C632B3E90AD007CE79B /* NewsMVVM */ = {
			isa = PBXNativeTarget;
			buildConfigurationList = 278F5C782B3E90AF007CE79B /* Build configuration list for PBXNativeTarget "NewsMVVM" */;
			buildPhases = (
				278F5C602B3E90AD007CE79B /* Sources */,
				278F5C612B3E90AD007CE79B /* Frameworks */,
				278F5C622B3E90AD007CE79B /* Resources */,
			);
			buildRules = (
			);
			dependencies = (
			);
			name = NewsMVVM;
			packageProductDependencies = (
				278F5C892B3E924A007CE79B /* Alamofire */,
			);
			productName = NewsMVVM;
			productReference = 278F5C642B3E90AD007CE79B /* NewsMVVM.app */;
			productType = "com.apple.product-type.application";
		};
/* End PBXNativeTarget section */

/* Begin PBXProject section */
		278F5C5C2B3E90AD007CE79B /* Project object */ = {
			isa = PBXProject;
			attributes = {
				BuildIndependentTargetsInParallel = 1;
				LastSwiftUpdateCheck = 1500;
				LastUpgradeCheck = 1500;
				TargetAttributes = {
					278F5C632B3E90AD007CE79B = {
						CreatedOnToolsVersion = 15.0.1;
					};
				};
			};
			buildConfigurationList = 278F5C5F2B3E90AD007CE79B /* Build configuration list for PBXProject "NewsMVVM" */;
			compatibilityVersion = "Xcode 14.0";
			developmentRegion = en;
			hasScannedForEncodings = 0;
			knownRegions = (
				en,
				Base,
			);
			mainGroup = 278F5C5B2B3E90AD007CE79B;
			packageReferences = (
				278F5C882B3E924A007CE79B /* XCRemoteSwiftPackageReference "Alamofire" */,
			);
			productRefGroup = 278F5C652B3E90AD007CE79B /* Products */;
			projectDirPath = "";
			projectRoot = "";
			targets = (
				278F5C632B3E90AD007CE79B /* NewsMVVM */,
			);
		};
/* End PBXProject section */

/* Begin PBXResourcesBuildPhase section */
		278F5C622B3E90AD007CE79B /* Resources */ = {
			isa = PBXResourcesBuildPhase;
			buildActionMask = 2147483647;
			files = (
				278F5C742B3E90AF007CE79B /* LaunchScreen.storyboard in Resources */,
				278F5C712B3E90AF007CE79B /* Assets.xcassets in Resources */,
				278F5C932B3EA0FF007CE79B /* NewsTableViewCell.xib in Resources */,
				278F5C6F2B3E90AD007CE79B /* Main.storyboard in Resources */,
			);
			runOnlyForDeploymentPostprocessing = 0;
		};
/* End PBXResourcesBuildPhase section */

/* Begin PBXSourcesBuildPhase section */
		278F5C602B3E90AD007CE79B /* Sources */ = {
			isa = PBXSourcesBuildPhase;
			buildActionMask = 2147483647;
			files = (
				278F5C832B3E91A0007CE79B /* NoticeViewModel.swift in Sources */,
				278F5C6C2B3E90AD007CE79B /* ViewController.swift in Sources */,
				278F5C922B3EA0FF007CE79B /* NewsTableViewCell.swift in Sources */,
				278F5C682B3E90AD007CE79B /* AppDelegate.swift in Sources */,
				278F5C6A2B3E90AD007CE79B /* SceneDelegate.swift in Sources */,
				278F5C8F2B3E930D007CE79B /* Constants.swift in Sources */,
				278F5C872B3E91E0007CE79B /* APIService.swift in Sources */,
				278F5C7F2B3E9163007CE79B /* NoticeModel.swift in Sources */,
			);
			runOnlyForDeploymentPostprocessing = 0;
		};
/* End PBXSourcesBuildPhase section */

/* Begin PBXVariantGroup section */
		278F5C6D2B3E90AD007CE79B /* Main.storyboard */ = {
			isa = PBXVariantGroup;
			children = (
				278F5C6E2B3E90AD007CE79B /* Base */,
			);
			name = Main.storyboard;
			sourceTree = "<group>";
		};
		278F5C722B3E90AF007CE79B /* LaunchScreen.storyboard */ = {
			isa = PBXVariantGroup;
			children = (
				278F5C732B3E90AF007CE79B /* Base */,
			);
			name = LaunchScreen.storyboard;
			sourceTree = "<group>";
		};
/* End PBXVariantGroup section */

/* Begin XCBuildConfiguration section */
		278F5C762B3E90AF007CE79B /* Debug */ = {
			isa = XCBuildConfiguration;
			buildSettings = {
				ALWAYS_SEARCH_USER_PATHS = NO;
				ASSETCATALOG_COMPILER_GENERATE_SWIFT_ASSET_SYMBOL_EXTENSIONS = YES;
				CLANG_ANALYZER_NONNULL = YES;
				CLANG_ANALYZER_NUMBER_OBJECT_CONVERSION = YES_AGGRESSIVE;
				CLANG_CXX_LANGUAGE_STANDARD = "gnu++20";
				CLANG_ENABLE_MODULES = YES;
				CLANG_ENABLE_OBJC_ARC = YES;
				CLANG_ENABLE_OBJC_WEAK = YES;
				CLANG_WARN_BLOCK_CAPTURE_AUTORELEASING = YES;
				CLANG_WARN_BOOL_CONVERSION = YES;
				CLANG_WARN_COMMA = YES;
				CLANG_WARN_CONSTANT_CONVERSION = YES;
				CLANG_WARN_DEPRECATED_OBJC_IMPLEMENTATIONS = YES;
				CLANG_WARN_DIRECT_OBJC_ISA_USAGE = YES_ERROR;
				CLANG_WARN_DOCUMENTATION_COMMENTS = YES;
				CLANG_WARN_EMPTY_BODY = YES;
				CLANG_WARN_ENUM_CONVERSION = YES;
				CLANG_WARN_INFINITE_RECURSION = YES;
				CLANG_WARN_INT_CONVERSION = YES;
				CLANG_WARN_NON_LITERAL_NULL_CONVERSION = YES;
				CLANG_WARN_OBJC_IMPLICIT_RETAIN_SELF = YES;
				CLANG_WARN_OBJC_LITERAL_CONVERSION = YES;
				CLANG_WARN_OBJC_ROOT_CLASS = YES_ERROR;
				CLANG_WARN_QUOTED_INCLUDE_IN_FRAMEWORK_HEADER = YES;
				CLANG_WARN_RANGE_LOOP_ANALYSIS = YES;
				CLANG_WARN_STRICT_PROTOTYPES = YES;
				CLANG_WARN_SUSPICIOUS_MOVE = YES;
				CLANG_WARN_UNGUARDED_AVAILABILITY = YES_AGGRESSIVE;
				CLANG_WARN_UNREACHABLE_CODE = YES;
				CLANG_WARN__DUPLICATE_METHOD_MATCH = YES;
				COPY_PHASE_STRIP = NO;
				DEBUG_INFORMATION_FORMAT = dwarf;
				ENABLE_STRICT_OBJC_MSGSEND = YES;
				ENABLE_TESTABILITY = YES;
				ENABLE_USER_SCRIPT_SANDBOXING = YES;
				GCC_C_LANGUAGE_STANDARD = gnu17;
				GCC_DYNAMIC_NO_PIC = NO;
				GCC_NO_COMMON_BLOCKS = YES;
				GCC_OPTIMIZATION_LEVEL = 0;
				GCC_PREPROCESSOR_DEFINITIONS = (
					"DEBUG=1",
					"$(inherited)",
				);
				GCC_WARN_64_TO_32_BIT_CONVERSION = YES;
				GCC_WARN_ABOUT_RETURN_TYPE = YES_ERROR;
				GCC_WARN_UNDECLARED_SELECTOR = YES;
				GCC_WARN_UNINITIALIZED_AUTOS = YES_AGGRESSIVE;
				GCC_WARN_UNUSED_FUNCTION = YES;
				GCC_WARN_UNUSED_VARIABLE = YES;
				IPHONEOS_DEPLOYMENT_TARGET = 17.0;
				LOCALIZATION_PREFERS_STRING_CATALOGS = YES;
				MTL_ENABLE_DEBUG_INFO = INCLUDE_SOURCE;
				MTL_FAST_MATH = YES;
				ONLY_ACTIVE_ARCH = YES;
				SDKROOT = iphoneos;
				SWIFT_ACTIVE_COMPILATION_CONDITIONS = "DEBUG $(inherited)";
				SWIFT_OPTIMIZATION_LEVEL = "-Onone";
			};
			name = Debug;
		};
		278F5C772B3E90AF007CE79B /* Release */ = {
			isa = XCBuildConfiguration;
			buildSettings = {
				ALWAYS_SEARCH_USER_PATHS = NO;
				ASSETCATALOG_COMPILER_GENERATE_SWIFT_ASSET_SYMBOL_EXTENSIONS = YES;
				CLANG_ANALYZER_NONNULL = YES;
				CLANG_ANALYZER_NUMBER_OBJECT_CONVERSION = YES_AGGRESSIVE;
				CLANG_CXX_LANGUAGE_STANDARD = "gnu++20";
				CLANG_ENABLE_MODULES = YES;
				CLANG_ENABLE_OBJC_ARC = YES;
				CLANG_ENABLE_OBJC_WEAK = YES;
				CLANG_WARN_BLOCK_CAPTURE_AUTORELEASING = YES;
				CLANG_WARN_BOOL_CONVERSION = YES;
				CLANG_WARN_COMMA = YES;
				CLANG_WARN_CONSTANT_CONVERSION = YES;
				CLANG_WARN_DEPRECATED_OBJC_IMPLEMENTATIONS = YES;
				CLANG_WARN_DIRECT_OBJC_ISA_USAGE = YES_ERROR;
				CLANG_WARN_DOCUMENTATION_COMMENTS = YES;
				CLANG_WARN_EMPTY_BODY = YES;
				CLANG_WARN_ENUM_CONVERSION = YES;
				CLANG_WARN_INFINITE_RECURSION = YES;
				CLANG_WARN_INT_CONVERSION = YES;
				CLANG_WARN_NON_LITERAL_NULL_CONVERSION = YES;
				CLANG_WARN_OBJC_IMPLICIT_RETAIN_SELF = YES;
				CLANG_WARN_OBJC_LITERAL_CONVERSION = YES;
				CLANG_WARN_OBJC_ROOT_CLASS = YES_ERROR;
				CLANG_WARN_QUOTED_INCLUDE_IN_FRAMEWORK_HEADER = YES;
				CLANG_WARN_RANGE_LOOP_ANALYSIS = YES;
				CLANG_WARN_STRICT_PROTOTYPES = YES;
				CLANG_WARN_SUSPICIOUS_MOVE = YES;
				CLANG_WARN_UNGUARDED_AVAILABILITY = YES_AGGRESSIVE;
				CLANG_WARN_UNREACHABLE_CODE = YES;
				CLANG_WARN__DUPLICATE_METHOD_MATCH = YES;
				COPY_PHASE_STRIP = NO;
				DEBUG_INFORMATION_FORMAT = "dwarf-with-dsym";
				ENABLE_NS_ASSERTIONS = NO;
				ENABLE_STRICT_OBJC_MSGSEND = YES;
				ENABLE_USER_SCRIPT_SANDBOXING = YES;
				GCC_C_LANGUAGE_STANDARD = gnu17;
				GCC_NO_COMMON_BLOCKS = YES;
				GCC_WARN_64_TO_32_BIT_CONVERSION = YES;
				GCC_WARN_ABOUT_RETURN_TYPE = YES_ERROR;
				GCC_WARN_UNDECLARED_SELECTOR = YES;
				GCC_WARN_UNINITIALIZED_AUTOS = YES_AGGRESSIVE;
				GCC_WARN_UNUSED_FUNCTION = YES;
				GCC_WARN_UNUSED_VARIABLE = YES;
				IPHONEOS_DEPLOYMENT_TARGET = 17.0;
				LOCALIZATION_PREFERS_STRING_CATALOGS = YES;
				MTL_ENABLE_DEBUG_INFO = NO;
				MTL_FAST_MATH = YES;
				SDKROOT = iphoneos;
				SWIFT_COMPILATION_MODE = wholemodule;
				VALIDATE_PRODUCT = YES;
			};
			name = Release;
		};
		278F5C792B3E90AF007CE79B /* Debug */ = {
			isa = XCBuildConfiguration;
			buildSettings = {
				ASSETCATALOG_COMPILER_APPICON_NAME = AppIcon;
				ASSETCATALOG_COMPILER_GLOBAL_ACCENT_COLOR_NAME = AccentColor;
				CODE_SIGN_STYLE = Automatic;
				CURRENT_PROJECT_VERSION = 1;
				GENERATE_INFOPLIST_FILE = YES;
				INFOPLIST_FILE = NewsMVVM/Info.plist;
				INFOPLIST_KEY_UIApplicationSupportsIndirectInputEvents = YES;
				INFOPLIST_KEY_UILaunchStoryboardName = LaunchScreen;
				INFOPLIST_KEY_UIMainStoryboardFile = Main;
				INFOPLIST_KEY_UISupportedInterfaceOrientations = UIInterfaceOrientationPortrait;
				LD_RUNPATH_SEARCH_PATHS = (
					"$(inherited)",
					"@executable_path/Frameworks",
				);
				MARKETING_VERSION = 1.0;
				PRODUCT_BUNDLE_IDENTIFIER = com.chillarcards.NewsMVVM;
				PRODUCT_NAME = "$(TARGET_NAME)";
				SWIFT_EMIT_LOC_STRINGS = YES;
				SWIFT_VERSION = 5.0;
				TARGETED_DEVICE_FAMILY = "1,2";
			};
			name = Debug;
		};
		278F5C7A2B3E90AF007CE79B /* Release */ = {
			isa = XCBuildConfiguration;
			buildSettings = {
				ASSETCATALOG_COMPILER_APPICON_NAME = AppIcon;
				ASSETCATALOG_COMPILER_GLOBAL_ACCENT_COLOR_NAME = AccentColor;
				CODE_SIGN_STYLE = Automatic;
				CURRENT_PROJECT_VERSION = 1;
				GENERATE_INFOPLIST_FILE = YES;
				INFOPLIST_FILE = NewsMVVM/Info.plist;
				INFOPLIST_KEY_UIApplicationSupportsIndirectInputEvents = YES;
				INFOPLIST_KEY_UILaunchStoryboardName = LaunchScreen;
				INFOPLIST_KEY_UIMainStoryboardFile = Main;
				INFOPLIST_KEY_UISupportedInterfaceOrientations = UIInterfaceOrientationPortrait;
				LD_RUNPATH_SEARCH_PATHS = (
					"$(inherited)",
					"@executable_path/Frameworks",
				);
				MARKETING_VERSION = 1.0;
				PRODUCT_BUNDLE_IDENTIFIER = com.chillarcards.NewsMVVM;
				PRODUCT_NAME = "$(TARGET_NAME)";
				SWIFT_EMIT_LOC_STRINGS = YES;
				SWIFT_VERSION = 5.0;
				TARGETED_DEVICE_FAMILY = "1,2";
			};
			name = Release;
		};
/* End XCBuildConfiguration section */

/* Begin XCConfigurationList section */
		278F5C5F2B3E90AD007CE79B /* Build configuration list for PBXProject "NewsMVVM" */ = {
			isa = XCConfigurationList;
			buildConfigurations = (
				278F5C762B3E90AF007CE79B /* Debug */,
				278F5C772B3E90AF007CE79B /* Release */,
			);
			defaultConfigurationIsVisible = 0;
			defaultConfigurationName = Release;
		};
		278F5C782B3E90AF007CE79B /* Build configuration list for PBXNativeTarget "NewsMVVM" */ = {
			isa = XCConfigurationList;
			buildConfigurations = (
				278F5C792B3E90AF007CE79B /* Debug */,
				278F5C7A2B3E90AF007CE79B /* Release */,
			);
			defaultConfigurationIsVisible = 0;
			defaultConfigurationName = Release;
		};
/* End XCConfigurationList section */

/* Begin XCRemoteSwiftPackageReference section */
		278F5C882B3E924A007CE79B /* XCRemoteSwiftPackageReference "Alamofire" */ = {
			isa = XCRemoteSwiftPackageReference;
			repositoryURL = "https://github.com/Alamofire/Alamofire.git";
			requirement = {
				kind = upToNextMajorVersion;
				minimumVersion = 5.8.1;
			};
		};
/* End XCRemoteSwiftPackageReference section */

/* Begin XCSwiftPackageProductDependency section */
		278F5C892B3E924A007CE79B /* Alamofire */ = {
			isa = XCSwiftPackageProductDependency;
			package = 278F5C882B3E924A007CE79B /* XCRemoteSwiftPackageReference "Alamofire" */;
			productName = Alamofire;
		};
/* End XCSwiftPackageProductDependency section */
	};
	rootObject = 278F5C5C2B3E90AD007CE79B /* Project object */;
}
